
Microsoft Visual Studio Solution File, Format Version 12.00
# Visual Studio Version 16
VisualStudioVersion = 16.0.30711.63
MinimumVisualStudioVersion = 10.0.40219.1
Project("{FAE04EC0-301F-11D3-BF4B-00C04F79EFBC}") = "PasswordValidation", "PasswordValidation\PasswordValidation.csproj", "{68A8253E-BFAC-4606-BBD9-A7ED4CCE0BCF}"
EndProject
Project("{FAE04EC0-301F-11D3-BF4B-00C04F79EFBC}") = "PasswordValidation.UnitTest", "PasswordValidation.UnitTest\PasswordValidation.UnitTest.csproj", "{FC7525FA-DC8F-4180-9441-62EFF94641F3}"
EndProject
Global
	GlobalSection(SolutionConfigurationPlatforms) = preSolution
		Debug|Any CPU = Debug|Any CPU
		Release|Any CPU = Release|Any CPU
	EndGlobalSection
	GlobalSection(ProjectConfigurationPlatforms) = postSolution
		{68A8253E-BFAC-4606-BBD9-A7ED4CCE0BCF}.Debug|Any CPU.ActiveCfg = Debug|Any CPU
		{68A8253E-BFAC-4606-BBD9-A7ED4CCE0BCF}.Debug|Any CPU.Build.0 = Debug|Any CPU
		{68A8253E-BFAC-4606-BBD9-A7ED4CCE0BCF}.Release|Any CPU.ActiveCfg = Release|Any CPU
		{68A8253E-BFAC-4606-BBD9-A7ED4CCE0BCF}.Release|Any CPU.Build.0 = Release|Any CPU
		{FC7525FA-DC8F-4180-9441-62EFF94641F3}.Debug|Any CPU.ActiveCfg = Debug|Any CPU
		{FC7525FA-DC8F-4180-9441-62EFF94641F3}.Debug|Any CPU.Build.0 = Debug|Any CPU
		{FC7525FA-DC8F-4180-9441-62EFF94641F3}.Release|Any CPU.ActiveCfg = Release|Any CPU
		{FC7525FA-DC8F-4180-9441-62EFF94641F3}.Release|Any CPU.Build.0 = Release|Any CPU
	EndGlobalSection
	GlobalSection(SolutionProperties) = preSolution
		HideSolutionNode = FALSE
	EndGlobalSection
	GlobalSection(ExtensibilityGlobals) = postSolution
		SolutionGuid = {063BF912-2A91-4BE6-9EF1-6AE26CA5CFD5}
	EndGlobalSection
EndGlobal
